
Microsoft Visual Studio Solution File, Format Version 12.00
# Visual Studio 14
VisualStudioVersion = 14.0.25420.1
MinimumVisualStudioVersion = 10.0.40219.1
Project("{8BC9CEB8-8B4A-11D0-8D11-00A0C91BC942}") = "csim2", "csim2\csim2.vcxproj", "{1E802AF7-E608-42ED-A2D0-BB119F40E884}"
EndProject
Project("{2150E333-8FDC-42A3-9474-1A3956D46DE8}") = "Solution Items", "Solution Items", "{5DAC2FFA-C104-47B2-80CA-D3F773BDA624}"
	ProjectSection(SolutionItems) = preProject
		.gitignore = .gitignore
		common_footer.mak = common_footer.mak
		common_header.mak = common_header.mak
		config.mak = config.mak
		CONTRIBUTING.md = CONTRIBUTING.md
		executable.mak = executable.mak
		LICENSE = LICENSE
		Makefile = Makefile
		README.md = README.md
		shared_lib.mak = shared_lib.mak
		static_lib.mak = static_lib.mak
	EndProjectSection
EndProject
Project("{8BC9CEB8-8B4A-11D0-8D11-00A0C91BC942}") = "test", "test\test.vcxproj", "{BAB2CC5C-206F-4D6B-8845-99271FA744B5}"
EndProject
Project("{8BC9CEB8-8B4A-11D0-8D11-00A0C91BC942}") = "example2", "example2\example2.vcxproj", "{993CA258-3A8C-417C-BC2C-09AE08EFAEA5}"
EndProject
Project("{8BC9CEB8-8B4A-11D0-8D11-00A0C91BC942}") = "example1", "example1\example1.vcxproj", "{F133D05A-A072-4C83-8FF3-6A8E26F655CC}"
EndProject
Global
	GlobalSection(SolutionConfigurationPlatforms) = preSolution
		Debug|x64 = Debug|x64
		Debug|x86 = Debug|x86
		Release|x64 = Release|x64
		Release|x86 = Release|x86
	EndGlobalSection
	GlobalSection(ProjectConfigurationPlatforms) = postSolution
		{1E802AF7-E608-42ED-A2D0-BB119F40E884}.Debug|x64.ActiveCfg = Debug|x64
		{1E802AF7-E608-42ED-A2D0-BB119F40E884}.Debug|x64.Build.0 = Debug|x64
		{1E802AF7-E608-42ED-A2D0-BB119F40E884}.Debug|x86.ActiveCfg = Debug|Win32
		{1E802AF7-E608-42ED-A2D0-BB119F40E884}.Debug|x86.Build.0 = Debug|Win32
		{1E802AF7-E608-42ED-A2D0-BB119F40E884}.Release|x64.ActiveCfg = Release|x64
		{1E802AF7-E608-42ED-A2D0-BB119F40E884}.Release|x64.Build.0 = Release|x64
		{1E802AF7-E608-42ED-A2D0-BB119F40E884}.Release|x86.ActiveCfg = Release|Win32
		{1E802AF7-E608-42ED-A2D0-BB119F40E884}.Release|x86.Build.0 = Release|Win32
		{BAB2CC5C-206F-4D6B-8845-99271FA744B5}.Debug|x64.ActiveCfg = Debug|x64
		{BAB2CC5C-206F-4D6B-8845-99271FA744B5}.Debug|x64.Build.0 = Debug|x64
		{BAB2CC5C-206F-4D6B-8845-99271FA744B5}.Debug|x86.ActiveCfg = Debug|Win32
		{BAB2CC5C-206F-4D6B-8845-99271FA744B5}.Debug|x86.Build.0 = Debug|Win32
		{BAB2CC5C-206F-4D6B-8845-99271FA744B5}.Release|x64.ActiveCfg = Release|x64
		{BAB2CC5C-206F-4D6B-8845-99271FA744B5}.Release|x64.Build.0 = Release|x64
		{BAB2CC5C-206F-4D6B-8845-99271FA744B5}.Release|x86.ActiveCfg = Release|Win32
		{BAB2CC5C-206F-4D6B-8845-99271FA744B5}.Release|x86.Build.0 = Release|Win32
		{993CA258-3A8C-417C-BC2C-09AE08EFAEA5}.Debug|x64.ActiveCfg = Debug|x64
		{993CA258-3A8C-417C-BC2C-09AE08EFAEA5}.Debug|x64.Build.0 = Debug|x64
		{993CA258-3A8C-417C-BC2C-09AE08EFAEA5}.Debug|x86.ActiveCfg = Debug|Win32
		{993CA258-3A8C-417C-BC2C-09AE08EFAEA5}.Debug|x86.Build.0 = Debug|Win32
		{993CA258-3A8C-417C-BC2C-09AE08EFAEA5}.Release|x64.ActiveCfg = Release|x64
		{993CA258-3A8C-417C-BC2C-09AE08EFAEA5}.Release|x64.Build.0 = Release|x64
		{993CA258-3A8C-417C-BC2C-09AE08EFAEA5}.Release|x86.ActiveCfg = Release|Win32
		{993CA258-3A8C-417C-BC2C-09AE08EFAEA5}.Release|x86.Build.0 = Release|Win32
		{F133D05A-A072-4C83-8FF3-6A8E26F655CC}.Debug|x64.ActiveCfg = Debug|x64
		{F133D05A-A072-4C83-8FF3-6A8E26F655CC}.Debug|x64.Build.0 = Debug|x64
		{F133D05A-A072-4C83-8FF3-6A8E26F655CC}.Debug|x86.ActiveCfg = Debug|Win32
		{F133D05A-A072-4C83-8FF3-6A8E26F655CC}.Debug|x86.Build.0 = Debug|Win32
		{F133D05A-A072-4C83-8FF3-6A8E26F655CC}.Release|x64.ActiveCfg = Release|x64
		{F133D05A-A072-4C83-8FF3-6A8E26F655CC}.Release|x64.Build.0 = Release|x64
		{F133D05A-A072-4C83-8FF3-6A8E26F655CC}.Release|x86.ActiveCfg = Release|Win32
		{F133D05A-A072-4C83-8FF3-6A8E26F655CC}.Release|x86.Build.0 = Release|Win32
	EndGlobalSection
	GlobalSection(SolutionProperties) = preSolution
		HideSolutionNode = FALSE
	EndGlobalSection
EndGlobal
